// !$*UTF8*$!
{
	archiveVersion = 1;
	classes = {
	};
	objectVersion = 56;
	objects = {

/* Begin PBXBuildFile section */
		5D15B1192979B25E00F62BD3 /* AppDelegate.swift in Sources */ = {isa = PBXBuildFile; fileRef = 5D15B1182979B25E00F62BD3 /* AppDelegate.swift */; };
		5D15B11B2979B25E00F62BD3 /* SceneDelegate.swift in Sources */ = {isa = PBXBuildFile; fileRef = 5D15B11A2979B25E00F62BD3 /* SceneDelegate.swift */; };
		5D15B11D2979B25E00F62BD3 /* ViewController.swift in Sources */ = {isa = PBXBuildFile; fileRef = 5D15B11C2979B25E00F62BD3 /* ViewController.swift */; };
		5D15B1202979B25E00F62BD3 /* Main.storyboard in Resources */ = {isa = PBXBuildFile; fileRef = 5D15B11E2979B25E00F62BD3 /* Main.storyboard */; };
		5D15B1222979B25F00F62BD3 /* Assets.xcassets in Resources */ = {isa = PBXBuildFile; fileRef = 5D15B1212979B25F00F62BD3 /* Assets.xcassets */; };
		5D15B1252979B25F00F62BD3 /* LaunchScreen.storyboard in Resources */ = {isa = PBXBuildFile; fileRef = 5D15B1232979B25F00F62BD3 /* LaunchScreen.storyboard */; };
		5D15B12D2979B36100F62BD3 /* CVPixelBufferExtension.swift in Sources */ = {isa = PBXBuildFile; fileRef = 5D15B12C2979B36100F62BD3 /* CVPixelBufferExtension.swift */; };
		5D24BE122981C2B700FB2401 /* HapticsManager.swift in Sources */ = {isa = PBXBuildFile; fileRef = 5D24BE112981C2B700FB2401 /* HapticsManager.swift */; };
/* End PBXBuildFile section */

/* Begin PBXFileReference section */
		5D15B1152979B25E00F62BD3 /* depthDemo.app */ = {isa = PBXFileReference; explicitFileType = wrapper.application; includeInIndex = 0; path = depthDemo.app; sourceTree = BUILT_PRODUCTS_DIR; };
		5D15B1182979B25E00F62BD3 /* AppDelegate.swift */ = {isa = PBXFileReference; lastKnownFileType = sourcecode.swift; path = AppDelegate.swift; sourceTree = "<group>"; };
		5D15B11A2979B25E00F62BD3 /* SceneDelegate.swift */ = {isa = PBXFileReference; lastKnownFileType = sourcecode.swift; path = SceneDelegate.swift; sourceTree = "<group>"; };
		5D15B11C2979B25E00F62BD3 /* ViewController.swift */ = {isa = PBXFileReference; lastKnownFileType = sourcecode.swift; path = ViewController.swift; sourceTree = "<group>"; };
		5D15B11F2979B25E00F62BD3 /* Base */ = {isa = PBXFileReference; lastKnownFileType = file.storyboard; name = Base; path = Base.lproj/Main.storyboard; sourceTree = "<group>"; };
		5D15B1212979B25F00F62BD3 /* Assets.xcassets */ = {isa = PBXFileReference; lastKnownFileType = folder.assetcatalog; path = Assets.xcassets; sourceTree = "<group>"; };
		5D15B1242979B25F00F62BD3 /* Base */ = {isa = PBXFileReference; lastKnownFileType = file.storyboard; name = Base; path = Base.lproj/LaunchScreen.storyboard; sourceTree = "<group>"; };
		5D15B1262979B25F00F62BD3 /* Info.plist */ = {isa = PBXFileReference; lastKnownFileType = text.plist.xml; path = Info.plist; sourceTree = "<group>"; };
		5D15B12C2979B36100F62BD3 /* CVPixelBufferExtension.swift */ = {isa = PBXFileReference; lastKnownFileType = sourcecode.swift; path = CVPixelBufferExtension.swift; sourceTree = "<group>"; };
		5D24BE112981C2B700FB2401 /* HapticsManager.swift */ = {isa = PBXFileReference; lastKnownFileType = sourcecode.swift; path = HapticsManager.swift; sourceTree = "<group>"; };
/* End PBXFileReference section */

/* Begin PBXFrameworksBuildPhase section */
		5D15B1122979B25E00F62BD3 /* Frameworks */ = {
			isa = PBXFrameworksBuildPhase;
			buildActionMask = 2147483647;
			files = (
			);
			runOnlyForDeploymentPostprocessing = 0;
		};
/* End PBXFrameworksBuildPhase section */

/* Begin PBXGroup section */
		5D15B10C2979B25E00F62BD3 = {
			isa = PBXGroup;
			children = (
				5D15B1172979B25E00F62BD3 /* depthDemo */,
				5D15B1162979B25E00F62BD3 /* Products */,
			);
			sourceTree = "<group>";
		};
		5D15B1162979B25E00F62BD3 /* Products */ = {
			isa = PBXGroup;
			children = (
				5D15B1152979B25E00F62BD3 /* depthDemo.app */,
			);
			name = Products;
			sourceTree = "<group>";
		};
		5D15B1172979B25E00F62BD3 /* depthDemo */ = {
			isa = PBXGroup;
			children = (
				5D15B12C2979B36100F62BD3 /* CVPixelBufferExtension.swift */,
				5D24BE112981C2B700FB2401 /* HapticsManager.swift */,
				5D15B1182979B25E00F62BD3 /* AppDelegate.swift */,
				5D15B11A2979B25E00F62BD3 /* SceneDelegate.swift */,
				5D15B11C2979B25E00F62BD3 /* ViewController.swift */,
				5D15B11E2979B25E00F62BD3 /* Main.storyboard */,
				5D15B1212979B25F00F62BD3 /* Assets.xcassets */,
				5D15B1232979B25F00F62BD3 /* LaunchScreen.storyboard */,
				5D15B1262979B25F00F62BD3 /* Info.plist */,
			);
			path = depthDemo;
			sourceTree = "<group>";
		};
/* End PBXGroup section */

/* Begin PBXNativeTarget section */
		5D15B1142979B25E00F62BD3 /* depthDemo */ = {
			isa = PBXNativeTarget;
			buildConfigurationList = 5D15B1292979B25F00F62BD3 /* Build configuration list for PBXNativeTarget "depthDemo" */;
			buildPhases = (
				5D15B1112979B25E00F62BD3 /* Sources */,
				5D15B1122979B25E00F62BD3 /* Frameworks */,
				5D15B1132979B25E00F62BD3 /* Resources */,
			);
			buildRules = (
			);
			dependencies = (
			);
			name = depthDemo;
			productName = depthDemo;
			productReference = 5D15B1152979B25E00F62BD3 /* depthDemo.app */;
			productType = "com.apple.product-type.application";
		};
/* End PBXNativeTarget section */

/* Begin PBXProject section */
		5D15B10D2979B25E00F62BD3 /* Project object */ = {
			isa = PBXProject;
			attributes = {
				BuildIndependentTargetsInParallel = 1;
				LastSwiftUpdateCheck = 1420;
				LastUpgradeCheck = 1420;
				TargetAttributes = {
					5D15B1142979B25E00F62BD3 = {
						CreatedOnToolsVersion = 14.2;
					};
				};
			};
			buildConfigurationList = 5D15B1102979B25E00F62BD3 /* Build configuration list for PBXProject "depthDemo" */;
			compatibilityVersion = "Xcode 14.0";
			developmentRegion = en;
			hasScannedForEncodings = 0;
			knownRegions = (
				en,
				Base,
			);
			mainGroup = 5D15B10C2979B25E00F62BD3;
			productRefGroup = 5D15B1162979B25E00F62BD3 /* Products */;
			projectDirPath = "";
			projectRoot = "";
			targets = (
				5D15B1142979B25E00F62BD3 /* depthDemo */,
			);
		};
/* End PBXProject section */

/* Begin PBXResourcesBuildPhase section */
		5D15B1132979B25E00F62BD3 /* Resources */ = {
			isa = PBXResourcesBuildPhase;
			buildActionMask = 2147483647;
			files = (
				5D15B1252979B25F00F62BD3 /* LaunchScreen.storyboard in Resources */,
				5D15B1222979B25F00F62BD3 /* Assets.xcassets in Resources */,
				5D15B1202979B25E00F62BD3 /* Main.storyboard in Resources */,
			);
			runOnlyForDeploymentPostprocessing = 0;
		};
/* End PBXResourcesBuildPhase section */

/* Begin PBXSourcesBuildPhase section */
		5D15B1112979B25E00F62BD3 /* Sources */ = {
			isa = PBXSourcesBuildPhase;
			buildActionMask = 2147483647;
			files = (
				5D15B11D2979B25E00F62BD3 /* ViewController.swift in Sources */,
				5D15B12D2979B36100F62BD3 /* CVPixelBufferExtension.swift in Sources */,
				5D15B1192979B25E00F62BD3 /* AppDelegate.swift in Sources */,
				5D24BE122981C2B700FB2401 /* HapticsManager.swift in Sources */,
				5D15B11B2979B25E00F62BD3 /* SceneDelegate.swift in Sources */,
			);
			runOnlyForDeploymentPostprocessing = 0;
		};
/* End PBXSourcesBuildPhase section */

/* Begin PBXVariantGroup section */
		5D15B11E2979B25E00F62BD3 /* Main.storyboard */ = {
			isa = PBXVariantGroup;
			children = (
				5D15B11F2979B25E00F62BD3 /* Base */,
			);
			name = Main.storyboard;
			sourceTree = "<group>";
		};
		5D15B1232979B25F00F62BD3 /* LaunchScreen.storyboard */ = {
			isa = PBXVariantGroup;
			children = (
				5D15B1242979B25F00F62BD3 /* Base */,
			);
			name = LaunchScreen.storyboard;
			sourceTree = "<group>";
		};
/* End PBXVariantGroup section */

/* Begin XCBuildConfiguration section */
		5D15B1272979B25F00F62BD3 /* Debug */ = {
			isa = XCBuildConfiguration;
			buildSettings = {
				ALWAYS_SEARCH_USER_PATHS = NO;
				CLANG_ANALYZER_NONNULL = YES;
				CLANG_ANALYZER_NUMBER_OBJECT_CONVERSION = YES_AGGRESSIVE;
				CLANG_CXX_LANGUAGE_STANDARD = "gnu++20";
				CLANG_ENABLE_MODULES = YES;
				CLANG_ENABLE_OBJC_ARC = YES;
				CLANG_ENABLE_OBJC_WEAK = YES;
				CLANG_WARN_BLOCK_CAPTURE_AUTORELEASING = YES;
				CLANG_WARN_BOOL_CONVERSION = YES;
				CLANG_WARN_COMMA = YES;
				CLANG_WARN_CONSTANT_CONVERSION = YES;
				CLANG_WARN_DEPRECATED_OBJC_IMPLEMENTATIONS = YES;
				CLANG_WARN_DIRECT_OBJC_ISA_USAGE = YES_ERROR;
				CLANG_WARN_DOCUMENTATION_COMMENTS = YES;
				CLANG_WARN_EMPTY_BODY = YES;
				CLANG_WARN_ENUM_CONVERSION = YES;
				CLANG_WARN_INFINITE_RECURSION = YES;
				CLANG_WARN_INT_CONVERSION = YES;
				CLANG_WARN_NON_LITERAL_NULL_CONVERSION = YES;
				CLANG_WARN_OBJC_IMPLICIT_RETAIN_SELF = YES;
				CLANG_WARN_OBJC_LITERAL_CONVERSION = YES;
				CLANG_WARN_OBJC_ROOT_CLASS = YES_ERROR;
				CLANG_WARN_QUOTED_INCLUDE_IN_FRAMEWORK_HEADER = YES;
				CLANG_WARN_RANGE_LOOP_ANALYSIS = YES;
				CLANG_WARN_STRICT_PROTOTYPES = YES;
				CLANG_WARN_SUSPICIOUS_MOVE = YES;
				CLANG_WARN_UNGUARDED_AVAILABILITY = YES_AGGRESSIVE;
				CLANG_WARN_UNREACHABLE_CODE = YES;
				CLANG_WARN__DUPLICATE_METHOD_MATCH = YES;
				COPY_PHASE_STRIP = NO;
				DEBUG_INFORMATION_FORMAT = dwarf;
				ENABLE_STRICT_OBJC_MSGSEND = YES;
				ENABLE_TESTABILITY = YES;
				GCC_C_LANGUAGE_STANDARD = gnu11;
				GCC_DYNAMIC_NO_PIC = NO;
				GCC_NO_COMMON_BLOCKS = YES;
				GCC_OPTIMIZATION_LEVEL = 0;
				GCC_PREPROCESSOR_DEFINITIONS = (
					"DEBUG=1",
					"$(inherited)",
				);
				GCC_WARN_64_TO_32_BIT_CONVERSION = YES;
				GCC_WARN_ABOUT_RETURN_TYPE = YES_ERROR;
				GCC_WARN_UNDECLARED_SELECTOR = YES;
				GCC_WARN_UNINITIALIZED_AUTOS = YES_AGGRESSIVE;
				GCC_WARN_UNUSED_FUNCTION = YES;
				GCC_WARN_UNUSED_VARIABLE = YES;
				IPHONEOS_DEPLOYMENT_TARGET = 16.2;
				MTL_ENABLE_DEBUG_INFO = INCLUDE_SOURCE;
				MTL_FAST_MATH = YES;
				ONLY_ACTIVE_ARCH = YES;
				SDKROOT = iphoneos;
				SWIFT_ACTIVE_COMPILATION_CONDITIONS = DEBUG;
				SWIFT_OPTIMIZATION_LEVEL = "-Onone";
			};
			name = Debug;
		};
		5D15B1282979B25F00F62BD3 /* Release */ = {
			isa = XCBuildConfiguration;
			buildSettings = {
				ALWAYS_SEARCH_USER_PATHS = NO;
				CLANG_ANALYZER_NONNULL = YES;
				CLANG_ANALYZER_NUMBER_OBJECT_CONVERSION = YES_AGGRESSIVE;
				CLANG_CXX_LANGUAGE_STANDARD = "gnu++20";
				CLANG_ENABLE_MODULES = YES;
				CLANG_ENABLE_OBJC_ARC = YES;
				CLANG_ENABLE_OBJC_WEAK = YES;
				CLANG_WARN_BLOCK_CAPTURE_AUTORELEASING = YES;
				CLANG_WARN_BOOL_CONVERSION = YES;
				CLANG_WARN_COMMA = YES;
				CLANG_WARN_CONSTANT_CONVERSION = YES;
				CLANG_WARN_DEPRECATED_OBJC_IMPLEMENTATIONS = YES;
				CLANG_WARN_DIRECT_OBJC_ISA_USAGE = YES_ERROR;
				CLANG_WARN_DOCUMENTATION_COMMENTS = YES;
				CLANG_WARN_EMPTY_BODY = YES;
				CLANG_WARN_ENUM_CONVERSION = YES;
				CLANG_WARN_INFINITE_RECURSION = YES;
				CLANG_WARN_INT_CONVERSION = YES;
				CLANG_WARN_NON_LITERAL_NULL_CONVERSION = YES;
				CLANG_WARN_OBJC_IMPLICIT_RETAIN_SELF = YES;
				CLANG_WARN_OBJC_LITERAL_CONVERSION = YES;
				CLANG_WARN_OBJC_ROOT_CLASS = YES_ERROR;
				CLANG_WARN_QUOTED_INCLUDE_IN_FRAMEWORK_HEADER = YES;
				CLANG_WARN_RANGE_LOOP_ANALYSIS = YES;
				CLANG_WARN_STRICT_PROTOTYPES = YES;
				CLANG_WARN_SUSPICIOUS_MOVE = YES;
				CLANG_WARN_UNGUARDED_AVAILABILITY = YES_AGGRESSIVE;
				CLANG_WARN_UNREACHABLE_CODE = YES;
				CLANG_WARN__DUPLICATE_METHOD_MATCH = YES;
				COPY_PHASE_STRIP = NO;
				DEBUG_INFORMATION_FORMAT = "dwarf-with-dsym";
				ENABLE_NS_ASSERTIONS = NO;
				ENABLE_STRICT_OBJC_MSGSEND = YES;
				GCC_C_LANGUAGE_STANDARD = gnu11;
				GCC_NO_COMMON_BLOCKS = YES;
				GCC_WARN_64_TO_32_BIT_CONVERSION = YES;
				GCC_WARN_ABOUT_RETURN_TYPE = YES_ERROR;
				GCC_WARN_UNDECLARED_SELECTOR = YES;
				GCC_WARN_UNINITIALIZED_AUTOS = YES_AGGRESSIVE;
				GCC_WARN_UNUSED_FUNCTION = YES;
				GCC_WARN_UNUSED_VARIABLE = YES;
				IPHONEOS_DEPLOYMENT_TARGET = 16.2;
				MTL_ENABLE_DEBUG_INFO = NO;
				MTL_FAST_MATH = YES;
				SDKROOT = iphoneos;
				SWIFT_COMPILATION_MODE = wholemodule;
				SWIFT_OPTIMIZATION_LEVEL = "-O";
				VALIDATE_PRODUCT = YES;
			};
			name = Release;
		};
		5D15B12A2979B25F00F62BD3 /* Debug */ = {
			isa = XCBuildConfiguration;
			buildSettings = {
				ASSETCATALOG_COMPILER_APPICON_NAME = AppIcon;
				ASSETCATALOG_COMPILER_GLOBAL_ACCENT_COLOR_NAME = AccentColor;
				CODE_SIGN_STYLE = Automatic;
				CURRENT_PROJECT_VERSION = 1;
				DEVELOPMENT_TEAM = 742U95DJ99;
				GENERATE_INFOPLIST_FILE = YES;
				INFOPLIST_FILE = depthDemo/Info.plist;
				INFOPLIST_KEY_NSCameraUsageDescription = "Needs Camera";
				INFOPLIST_KEY_UIApplicationSupportsIndirectInputEvents = YES;
				INFOPLIST_KEY_UILaunchStoryboardName = LaunchScreen;
				INFOPLIST_KEY_UIMainStoryboardFile = Main;
				INFOPLIST_KEY_UISupportedInterfaceOrientations_iPad = "UIInterfaceOrientationPortrait UIInterfaceOrientationPortraitUpsideDown UIInterfaceOrientationLandscapeLeft UIInterfaceOrientationLandscapeRight";
				INFOPLIST_KEY_UISupportedInterfaceOrientations_iPhone = "UIInterfaceOrientationPortrait UIInterfaceOrientationLandscapeLeft UIInterfaceOrientationLandscapeRight";
				LD_RUNPATH_SEARCH_PATHS = (
					"$(inherited)",
					"@executable_path/Frameworks",
				);
				MARKETING_VERSION = 1.0;
				PRODUCT_BUNDLE_IDENTIFIER = Ross.depthDemo;
				PRODUCT_NAME = "$(TARGET_NAME)";
				SWIFT_EMIT_LOC_STRINGS = YES;
				SWIFT_VERSION = 5.0;
				TARGETED_DEVICE_FAMILY = "1,2";
			};
			name = Debug;
		};
		5D15B12B2979B25F00F62BD3 /* Release */ = {
			isa = XCBuildConfiguration;
			buildSettings = {
				ASSETCATALOG_COMPILER_APPICON_NAME = AppIcon;
				ASSETCATALOG_COMPILER_GLOBAL_ACCENT_COLOR_NAME = AccentColor;
				CODE_SIGN_STYLE = Automatic;
				CURRENT_PROJECT_VERSION = 1;
				DEVELOPMENT_TEAM = 742U95DJ99;
				GENERATE_INFOPLIST_FILE = YES;
				INFOPLIST_FILE = depthDemo/Info.plist;
				INFOPLIST_KEY_NSCameraUsageDescription = "Needs Camera";
				INFOPLIST_KEY_UIApplicationSupportsIndirectInputEvents = YES;
				INFOPLIST_KEY_UILaunchStoryboardName = LaunchScreen;
				INFOPLIST_KEY_UIMainStoryboardFile = Main;
				INFOPLIST_KEY_UISupportedInterfaceOrientations_iPad = "UIInterfaceOrientationPortrait UIInterfaceOrientationPortraitUpsideDown UIInterfaceOrientationLandscapeLeft UIInterfaceOrientationLandscapeRight";
				INFOPLIST_KEY_UISupportedInterfaceOrientations_iPhone = "UIInterfaceOrientationPortrait UIInterfaceOrientationLandscapeLeft UIInterfaceOrientationLandscapeRight";
				LD_RUNPATH_SEARCH_PATHS = (
					"$(inherited)",
					"@executable_path/Frameworks",
				);
				MARKETING_VERSION = 1.0;
				PRODUCT_BUNDLE_IDENTIFIER = Ross.depthDemo;
				PRODUCT_NAME = "$(TARGET_NAME)";
				SWIFT_EMIT_LOC_STRINGS = YES;
				SWIFT_VERSION = 5.0;
				TARGETED_DEVICE_FAMILY = "1,2";
			};
			name = Release;
		};
/* End XCBuildConfiguration section */

/* Begin XCConfigurationList section */
		5D15B1102979B25E00F62BD3 /* Build configuration list for PBXProject "depthDemo" */ = {
			isa = XCConfigurationList;
			buildConfigurations = (
				5D15B1272979B25F00F62BD3 /* Debug */,
				5D15B1282979B25F00F62BD3 /* Release */,
			);
			defaultConfigurationIsVisible = 0;
			defaultConfigurationName = Release;
		};
		5D15B1292979B25F00F62BD3 /* Build configuration list for PBXNativeTarget "depthDemo" */ = {
			isa = XCConfigurationList;
			buildConfigurations = (
				5D15B12A2979B25F00F62BD3 /* Debug */,
				5D15B12B2979B25F00F62BD3 /* Release */,
			);
			defaultConfigurationIsVisible = 0;
			defaultConfigurationName = Release;
		};
/* End XCConfigurationList section */
	};
	rootObject = 5D15B10D2979B25E00F62BD3 /* Project object */;
}
